
Microsoft Visual Studio Solution File, Format Version 12.00
# Visual Studio Version 17
VisualStudioVersion = 17.4.33213.308
MinimumVisualStudioVersion = 10.0.40219.1
Project("{FAE04EC0-301F-11D3-BF4B-00C04F79EFBC}") = "GameServer2", "GameServer2.csproj", "{9FF6327A-72EA-4EFB-9F32-14B95A84B10C}"
EndProject
Global
	GlobalSection(SolutionConfigurationPlatforms) = preSolution
		Debug|Any CPU = Debug|Any CPU
		Release|Any CPU = Release|Any CPU
	EndGlobalSection
	GlobalSection(ProjectConfigurationPlatforms) = postSolution
		{9FF6327A-72EA-4EFB-9F32-14B95A84B10C}.Debug|Any CPU.ActiveCfg = Debug|Any CPU
		{9FF6327A-72EA-4EFB-9F32-14B95A84B10C}.Debug|Any CPU.Build.0 = Debug|Any CPU
		{9FF6327A-72EA-4EFB-9F32-14B95A84B10C}.Release|Any CPU.ActiveCfg = Release|Any CPU
		{9FF6327A-72EA-4EFB-9F32-14B95A84B10C}.Release|Any CPU.Build.0 = Release|Any CPU
	EndGlobalSection
	GlobalSection(SolutionProperties) = preSolution
		HideSolutionNode = FALSE
	EndGlobalSection
	GlobalSection(ExtensibilityGlobals) = postSolution
		SolutionGuid = {CBDF1C88-4C68-480E-B0C4-9E73B5345FE4}
	EndGlobalSection
EndGlobal
